
Microsoft Visual Studio Solution File, Format Version 12.00
# Visual Studio Version 16
VisualStudioVersion = 16.0.30517.126
MinimumVisualStudioVersion = 10.0.40219.1
Project("{FAE04EC0-301F-11D3-BF4B-00C04F79EFBC}") = "dogsandcatsdb", "dogsandcatsdb\dogsandcatsdb.csproj", "{BEA3138A-5068-495A-B2EC-A98787AA0185}"
EndProject
Global
	GlobalSection(SolutionConfigurationPlatforms) = preSolution
		Debug|Any CPU = Debug|Any CPU
		Release|Any CPU = Release|Any CPU
	EndGlobalSection
	GlobalSection(ProjectConfigurationPlatforms) = postSolution
		{BEA3138A-5068-495A-B2EC-A98787AA0185}.Debug|Any CPU.ActiveCfg = Debug|Any CPU
		{BEA3138A-5068-495A-B2EC-A98787AA0185}.Debug|Any CPU.Build.0 = Debug|Any CPU
		{BEA3138A-5068-495A-B2EC-A98787AA0185}.Release|Any CPU.ActiveCfg = Release|Any CPU
		{BEA3138A-5068-495A-B2EC-A98787AA0185}.Release|Any CPU.Build.0 = Release|Any CPU
	EndGlobalSection
	GlobalSection(SolutionProperties) = preSolution
		HideSolutionNode = FALSE
	EndGlobalSection
	GlobalSection(ExtensibilityGlobals) = postSolution
		SolutionGuid = {46CDFAF0-4E05-4677-AD62-99E41D6F62F8}
	EndGlobalSection
EndGlobal
